
Microsoft Visual Studio Solution File, Format Version 12.00
# Visual Studio 15
VisualStudioVersion = 15.0.27130.2027
MinimumVisualStudioVersion = 10.0.40219.1
Project("{FAE04EC0-301F-11D3-BF4B-00C04F79EFBC}") = "DotNetHook", "DotNetHook\DotNetHook.csproj", "{DCC8282E-BB2A-401A-871C-DA090E1F269F}"
EndProject
Global
	GlobalSection(SolutionConfigurationPlatforms) = preSolution
		Debug|Any CPU = Debug|Any CPU
		Debug|x64 = Debug|x64
		Debug|x86 = Debug|x86
		Release|Any CPU = Release|Any CPU
		Release|x64 = Release|x64
		Release|x86 = Release|x86
	EndGlobalSection
	GlobalSection(ProjectConfigurationPlatforms) = postSolution
		{DCC8282E-BB2A-401A-871C-DA090E1F269F}.Debug|Any CPU.ActiveCfg = Debug|Any CPU
		{DCC8282E-BB2A-401A-871C-DA090E1F269F}.Debug|Any CPU.Build.0 = Debug|Any CPU
		{DCC8282E-BB2A-401A-871C-DA090E1F269F}.Debug|x64.ActiveCfg = Debug|x64
		{DCC8282E-BB2A-401A-871C-DA090E1F269F}.Debug|x64.Build.0 = Debug|x64
		{DCC8282E-BB2A-401A-871C-DA090E1F269F}.Debug|x86.ActiveCfg = Debug|x86
		{DCC8282E-BB2A-401A-871C-DA090E1F269F}.Debug|x86.Build.0 = Debug|x86
		{DCC8282E-BB2A-401A-871C-DA090E1F269F}.Release|Any CPU.ActiveCfg = Release|Any CPU
		{DCC8282E-BB2A-401A-871C-DA090E1F269F}.Release|Any CPU.Build.0 = Release|Any CPU
		{DCC8282E-BB2A-401A-871C-DA090E1F269F}.Release|x64.ActiveCfg = Release|x64
		{DCC8282E-BB2A-401A-871C-DA090E1F269F}.Release|x64.Build.0 = Release|x64
		{DCC8282E-BB2A-401A-871C-DA090E1F269F}.Release|x86.ActiveCfg = Release|x86
		{DCC8282E-BB2A-401A-871C-DA090E1F269F}.Release|x86.Build.0 = Release|x86
	EndGlobalSection
	GlobalSection(SolutionProperties) = preSolution
		HideSolutionNode = FALSE
	EndGlobalSection
	GlobalSection(ExtensibilityGlobals) = postSolution
		SolutionGuid = {4C42E166-1033-42A2-86BE-DFF9538BC4A0}
	EndGlobalSection
EndGlobal
